
Microsoft Visual Studio Solution File, Format Version 12.00
# Visual Studio Version 17
VisualStudioVersion = 17.10.35201.131
MinimumVisualStudioVersion = 10.0.40219.1
Project("{FAE04EC0-301F-11D3-BF4B-00C04F79EFBC}") = "Testing", "Testing\Testing.csproj", "{CAA7E335-0EFC-4E3B-B602-734AC272CF2D}"
EndProject
Global
	GlobalSection(SolutionConfigurationPlatforms) = preSolution
		Debug|Any CPU = Debug|Any CPU
		Release|Any CPU = Release|Any CPU
	EndGlobalSection
	GlobalSection(ProjectConfigurationPlatforms) = postSolution
		{CAA7E335-0EFC-4E3B-B602-734AC272CF2D}.Debug|Any CPU.ActiveCfg = Debug|Any CPU
		{CAA7E335-0EFC-4E3B-B602-734AC272CF2D}.Debug|Any CPU.Build.0 = Debug|Any CPU
		{CAA7E335-0EFC-4E3B-B602-734AC272CF2D}.Release|Any CPU.ActiveCfg = Release|Any CPU
		{CAA7E335-0EFC-4E3B-B602-734AC272CF2D}.Release|Any CPU.Build.0 = Release|Any CPU
	EndGlobalSection
	GlobalSection(SolutionProperties) = preSolution
		HideSolutionNode = FALSE
	EndGlobalSection
	GlobalSection(ExtensibilityGlobals) = postSolution
		SolutionGuid = {1C09A9FA-454B-4A6E-A908-46EDD3D17813}
	EndGlobalSection
EndGlobal
